
Microsoft Visual Studio Solution File, Format Version 12.00
# Visual Studio 15
VisualStudioVersion = 15.0.27004.2005
MinimumVisualStudioVersion = 10.0.40219.1
Project("{2150E333-8FDC-42A3-9474-1A3956D46DE8}") = "src", "src", "{D3795BF7-D936-4703-94CA-48D82C457311}"
EndProject
Project("{9A19103F-16F7-4668-BE54-9A1E7A4F7556}") = "ApplicationCore", "ApplicationCore\ApplicationCore.csproj", "{CCB03B07-4E3B-494E-9E1B-71DDE85CDEA0}"
EndProject
Project("{9A19103F-16F7-4668-BE54-9A1E7A4F7556}") = "Infrastructure", "Infrastructure\Infrastructure.csproj", "{40B4AA0E-49A8-4131-9BDE-A2BAD50BC38D}"
EndProject
Project("{9A19103F-16F7-4668-BE54-9A1E7A4F7556}") = "WebApi", "WebApi\WebApi.csproj", "{75A90D3D-D183-4B33-BFE1-052F4D965FB6}"
EndProject
Project("{9A19103F-16F7-4668-BE54-9A1E7A4F7556}") = "Blog", "Blog\Blog.csproj", "{A218A7B5-16F7-4522-8449-2100BB682F87}"
EndProject
Project("{9A19103F-16F7-4668-BE54-9A1E7A4F7556}") = "Tcust", "Tcust\Tcust.csproj", "{BBAA1160-2AF2-48E8-9BEE-BF5C7E3541A5}"
EndProject
Project("{9A19103F-16F7-4668-BE54-9A1E7A4F7556}") = "BlogWeb", "BlogWeb\BlogWeb.csproj", "{E1FB8467-8870-41E4-ACDB-4755C196CC14}"
EndProject
Project("{9A19103F-16F7-4668-BE54-9A1E7A4F7556}") = "Client", "Client\Client.csproj", "{5C847452-233C-407A-9CA7-22404F5F47FE}"
EndProject
Project("{9A19103F-16F7-4668-BE54-9A1E7A4F7556}") = "IdentityApp", "IdentityApp\IdentityApp.csproj", "{B598BC99-B661-4C24-99A2-1CD6EBA587EF}"
EndProject
Project("{9A19103F-16F7-4668-BE54-9A1E7A4F7556}") = "JavascriptClient", "JavascriptClient\JavascriptClient.csproj", "{D20A87A6-CD6B-4015-BE6F-399349789701}"
EndProject
Project("{9A19103F-16F7-4668-BE54-9A1E7A4F7556}") = "Permissions", "Permissions\Permissions.csproj", "{FA53061D-85EB-4F8C-9648-591FF3C24AF8}"
EndProject
Project("{9A19103F-16F7-4668-BE54-9A1E7A4F7556}") = "Identity", "Identity\Identity.csproj", "{24B3E853-906E-4F73-88E0-03A96F3C31AB}"
EndProject
Project("{9A19103F-16F7-4668-BE54-9A1E7A4F7556}") = "History", "History\History.csproj", "{E29BD6C5-CF2C-4B7A-9150-CD378EC2BA90}"
EndProject
Project("{9A19103F-16F7-4668-BE54-9A1E7A4F7556}") = "HistoryApp", "HistoryApp\HistoryApp.csproj", "{B8C73114-D02A-459F-90D7-3D19C20966E6}"
EndProject
Project("{9A19103F-16F7-4668-BE54-9A1E7A4F7556}") = "TcustApp", "TcustApp\TcustApp.csproj", "{6BBF3956-E0E9-4BF4-B9F4-93782266695C}"
EndProject
Project("{FAE04EC0-301F-11D3-BF4B-00C04F79EFBC}") = "ConsoleApp", "ConsoleApp\ConsoleApp.csproj", "{792247EC-55E9-41C2-AA5D-50595FF7CC6A}"
EndProject
Global
	GlobalSection(SolutionConfigurationPlatforms) = preSolution
		Debug|Any CPU = Debug|Any CPU
		Release|Any CPU = Release|Any CPU
	EndGlobalSection
	GlobalSection(ProjectConfigurationPlatforms) = postSolution
		{CCB03B07-4E3B-494E-9E1B-71DDE85CDEA0}.Debug|Any CPU.ActiveCfg = Debug|Any CPU
		{CCB03B07-4E3B-494E-9E1B-71DDE85CDEA0}.Debug|Any CPU.Build.0 = Debug|Any CPU
		{CCB03B07-4E3B-494E-9E1B-71DDE85CDEA0}.Release|Any CPU.ActiveCfg = Release|Any CPU
		{CCB03B07-4E3B-494E-9E1B-71DDE85CDEA0}.Release|Any CPU.Build.0 = Release|Any CPU
		{40B4AA0E-49A8-4131-9BDE-A2BAD50BC38D}.Debug|Any CPU.ActiveCfg = Debug|Any CPU
		{40B4AA0E-49A8-4131-9BDE-A2BAD50BC38D}.Debug|Any CPU.Build.0 = Debug|Any CPU
		{40B4AA0E-49A8-4131-9BDE-A2BAD50BC38D}.Release|Any CPU.ActiveCfg = Release|Any CPU
		{40B4AA0E-49A8-4131-9BDE-A2BAD50BC38D}.Release|Any CPU.Build.0 = Release|Any CPU
		{75A90D3D-D183-4B33-BFE1-052F4D965FB6}.Debug|Any CPU.ActiveCfg = Debug|Any CPU
		{75A90D3D-D183-4B33-BFE1-052F4D965FB6}.Debug|Any CPU.Build.0 = Debug|Any CPU
		{75A90D3D-D183-4B33-BFE1-052F4D965FB6}.Release|Any CPU.ActiveCfg = Release|Any CPU
		{75A90D3D-D183-4B33-BFE1-052F4D965FB6}.Release|Any CPU.Build.0 = Release|Any CPU
		{A218A7B5-16F7-4522-8449-2100BB682F87}.Debug|Any CPU.ActiveCfg = Debug|Any CPU
		{A218A7B5-16F7-4522-8449-2100BB682F87}.Debug|Any CPU.Build.0 = Debug|Any CPU
		{A218A7B5-16F7-4522-8449-2100BB682F87}.Release|Any CPU.ActiveCfg = Release|Any CPU
		{A218A7B5-16F7-4522-8449-2100BB682F87}.Release|Any CPU.Build.0 = Release|Any CPU
		{BBAA1160-2AF2-48E8-9BEE-BF5C7E3541A5}.Debug|Any CPU.ActiveCfg = Debug|Any CPU
		{BBAA1160-2AF2-48E8-9BEE-BF5C7E3541A5}.Debug|Any CPU.Build.0 = Debug|Any CPU
		{BBAA1160-2AF2-48E8-9BEE-BF5C7E3541A5}.Release|Any CPU.ActiveCfg = Release|Any CPU
		{BBAA1160-2AF2-48E8-9BEE-BF5C7E3541A5}.Release|Any CPU.Build.0 = Release|Any CPU
		{E1FB8467-8870-41E4-ACDB-4755C196CC14}.Debug|Any CPU.ActiveCfg = Debug|Any CPU
		{E1FB8467-8870-41E4-ACDB-4755C196CC14}.Debug|Any CPU.Build.0 = Debug|Any CPU
		{E1FB8467-8870-41E4-ACDB-4755C196CC14}.Release|Any CPU.ActiveCfg = Release|Any CPU
		{E1FB8467-8870-41E4-ACDB-4755C196CC14}.Release|Any CPU.Build.0 = Release|Any CPU
		{5C847452-233C-407A-9CA7-22404F5F47FE}.Debug|Any CPU.ActiveCfg = Debug|Any CPU
		{5C847452-233C-407A-9CA7-22404F5F47FE}.Debug|Any CPU.Build.0 = Debug|Any CPU
		{5C847452-233C-407A-9CA7-22404F5F47FE}.Release|Any CPU.ActiveCfg = Release|Any CPU
		{5C847452-233C-407A-9CA7-22404F5F47FE}.Release|Any CPU.Build.0 = Release|Any CPU
		{B598BC99-B661-4C24-99A2-1CD6EBA587EF}.Debug|Any CPU.ActiveCfg = Debug|Any CPU
		{B598BC99-B661-4C24-99A2-1CD6EBA587EF}.Debug|Any CPU.Build.0 = Debug|Any CPU
		{B598BC99-B661-4C24-99A2-1CD6EBA587EF}.Release|Any CPU.ActiveCfg = Release|Any CPU
		{B598BC99-B661-4C24-99A2-1CD6EBA587EF}.Release|Any CPU.Build.0 = Release|Any CPU
		{D20A87A6-CD6B-4015-BE6F-399349789701}.Debug|Any CPU.ActiveCfg = Debug|Any CPU
		{D20A87A6-CD6B-4015-BE6F-399349789701}.Debug|Any CPU.Build.0 = Debug|Any CPU
		{D20A87A6-CD6B-4015-BE6F-399349789701}.Release|Any CPU.ActiveCfg = Release|Any CPU
		{D20A87A6-CD6B-4015-BE6F-399349789701}.Release|Any CPU.Build.0 = Release|Any CPU
		{FA53061D-85EB-4F8C-9648-591FF3C24AF8}.Debug|Any CPU.ActiveCfg = Debug|Any CPU
		{FA53061D-85EB-4F8C-9648-591FF3C24AF8}.Debug|Any CPU.Build.0 = Debug|Any CPU
		{FA53061D-85EB-4F8C-9648-591FF3C24AF8}.Release|Any CPU.ActiveCfg = Release|Any CPU
		{FA53061D-85EB-4F8C-9648-591FF3C24AF8}.Release|Any CPU.Build.0 = Release|Any CPU
		{24B3E853-906E-4F73-88E0-03A96F3C31AB}.Debug|Any CPU.ActiveCfg = Debug|Any CPU
		{24B3E853-906E-4F73-88E0-03A96F3C31AB}.Debug|Any CPU.Build.0 = Debug|Any CPU
		{24B3E853-906E-4F73-88E0-03A96F3C31AB}.Release|Any CPU.ActiveCfg = Release|Any CPU
		{24B3E853-906E-4F73-88E0-03A96F3C31AB}.Release|Any CPU.Build.0 = Release|Any CPU
		{E29BD6C5-CF2C-4B7A-9150-CD378EC2BA90}.Debug|Any CPU.ActiveCfg = Debug|Any CPU
		{E29BD6C5-CF2C-4B7A-9150-CD378EC2BA90}.Debug|Any CPU.Build.0 = Debug|Any CPU
		{E29BD6C5-CF2C-4B7A-9150-CD378EC2BA90}.Release|Any CPU.ActiveCfg = Release|Any CPU
		{E29BD6C5-CF2C-4B7A-9150-CD378EC2BA90}.Release|Any CPU.Build.0 = Release|Any CPU
		{B8C73114-D02A-459F-90D7-3D19C20966E6}.Debug|Any CPU.ActiveCfg = Debug|Any CPU
		{B8C73114-D02A-459F-90D7-3D19C20966E6}.Debug|Any CPU.Build.0 = Debug|Any CPU
		{B8C73114-D02A-459F-90D7-3D19C20966E6}.Release|Any CPU.ActiveCfg = Release|Any CPU
		{B8C73114-D02A-459F-90D7-3D19C20966E6}.Release|Any CPU.Build.0 = Release|Any CPU
		{6BBF3956-E0E9-4BF4-B9F4-93782266695C}.Debug|Any CPU.ActiveCfg = Debug|Any CPU
		{6BBF3956-E0E9-4BF4-B9F4-93782266695C}.Debug|Any CPU.Build.0 = Debug|Any CPU
		{6BBF3956-E0E9-4BF4-B9F4-93782266695C}.Release|Any CPU.ActiveCfg = Release|Any CPU
		{6BBF3956-E0E9-4BF4-B9F4-93782266695C}.Release|Any CPU.Build.0 = Release|Any CPU
		{792247EC-55E9-41C2-AA5D-50595FF7CC6A}.Debug|Any CPU.ActiveCfg = Debug|Any CPU
		{792247EC-55E9-41C2-AA5D-50595FF7CC6A}.Debug|Any CPU.Build.0 = Debug|Any CPU
		{792247EC-55E9-41C2-AA5D-50595FF7CC6A}.Release|Any CPU.ActiveCfg = Release|Any CPU
		{792247EC-55E9-41C2-AA5D-50595FF7CC6A}.Release|Any CPU.Build.0 = Release|Any CPU
	EndGlobalSection
	GlobalSection(SolutionProperties) = preSolution
		HideSolutionNode = FALSE
	EndGlobalSection
	GlobalSection(NestedProjects) = preSolution
		{CCB03B07-4E3B-494E-9E1B-71DDE85CDEA0} = {D3795BF7-D936-4703-94CA-48D82C457311}
		{40B4AA0E-49A8-4131-9BDE-A2BAD50BC38D} = {D3795BF7-D936-4703-94CA-48D82C457311}
		{75A90D3D-D183-4B33-BFE1-052F4D965FB6} = {D3795BF7-D936-4703-94CA-48D82C457311}
		{A218A7B5-16F7-4522-8449-2100BB682F87} = {D3795BF7-D936-4703-94CA-48D82C457311}
		{BBAA1160-2AF2-48E8-9BEE-BF5C7E3541A5} = {D3795BF7-D936-4703-94CA-48D82C457311}
		{E1FB8467-8870-41E4-ACDB-4755C196CC14} = {D3795BF7-D936-4703-94CA-48D82C457311}
		{5C847452-233C-407A-9CA7-22404F5F47FE} = {D3795BF7-D936-4703-94CA-48D82C457311}
		{B598BC99-B661-4C24-99A2-1CD6EBA587EF} = {D3795BF7-D936-4703-94CA-48D82C457311}
		{D20A87A6-CD6B-4015-BE6F-399349789701} = {D3795BF7-D936-4703-94CA-48D82C457311}
		{FA53061D-85EB-4F8C-9648-591FF3C24AF8} = {D3795BF7-D936-4703-94CA-48D82C457311}
		{24B3E853-906E-4F73-88E0-03A96F3C31AB} = {D3795BF7-D936-4703-94CA-48D82C457311}
		{E29BD6C5-CF2C-4B7A-9150-CD378EC2BA90} = {D3795BF7-D936-4703-94CA-48D82C457311}
		{B8C73114-D02A-459F-90D7-3D19C20966E6} = {D3795BF7-D936-4703-94CA-48D82C457311}
		{6BBF3956-E0E9-4BF4-B9F4-93782266695C} = {D3795BF7-D936-4703-94CA-48D82C457311}
		{792247EC-55E9-41C2-AA5D-50595FF7CC6A} = {D3795BF7-D936-4703-94CA-48D82C457311}
	EndGlobalSection
	GlobalSection(ExtensibilityGlobals) = postSolution
		SolutionGuid = {AA09182A-7455-4BEA-AD38-67F35115133E}
	EndGlobalSection
EndGlobal
